// !$*UTF8*$!
{
	archiveVersion = 1;
	classes = {
	};
	objectVersion = 55;
	objects = {

/* Begin PBXBuildFile section */
		A14264C8276D1ECB0096982F /* AppDelegate.swift in Sources */ = {isa = PBXBuildFile; fileRef = A14264C7276D1ECB0096982F /* AppDelegate.swift */; };
		A14264CA276D1ECB0096982F /* SceneDelegate.swift in Sources */ = {isa = PBXBuildFile; fileRef = A14264C9276D1ECB0096982F /* SceneDelegate.swift */; };
		A14264CC276D1ECB0096982F /* ViewController.swift in Sources */ = {isa = PBXBuildFile; fileRef = A14264CB276D1ECB0096982F /* ViewController.swift */; };
		A14264CF276D1ECB0096982F /* Main.storyboard in Resources */ = {isa = PBXBuildFile; fileRef = A14264CD276D1ECB0096982F /* Main.storyboard */; };
		A14264D1276D1ECC0096982F /* Assets.xcassets in Resources */ = {isa = PBXBuildFile; fileRef = A14264D0276D1ECC0096982F /* Assets.xcassets */; };
		A14264D4276D1ECC0096982F /* LaunchScreen.storyboard in Resources */ = {isa = PBXBuildFile; fileRef = A14264D2276D1ECC0096982F /* LaunchScreen.storyboard */; };
		A14264DF276D1ECC0096982F /* ComidaBoaTests.swift in Sources */ = {isa = PBXBuildFile; fileRef = A14264DE276D1ECC0096982F /* ComidaBoaTests.swift */; };
		A14264E9276D1ECC0096982F /* ComidaBoaUITests.swift in Sources */ = {isa = PBXBuildFile; fileRef = A14264E8276D1ECC0096982F /* ComidaBoaUITests.swift */; };
		A14264EB276D1ECC0096982F /* ComidaBoaUITestsLaunchTests.swift in Sources */ = {isa = PBXBuildFile; fileRef = A14264EA276D1ECC0096982F /* ComidaBoaUITestsLaunchTests.swift */; };
		A16A035C276FEECE007A2541 /* Inicial.storyboard in Resources */ = {isa = PBXBuildFile; fileRef = A16A035B276FEECE007A2541 /* Inicial.storyboard */; };
/* End PBXBuildFile section */

/* Begin PBXContainerItemProxy section */
		A14264DB276D1ECC0096982F /* PBXContainerItemProxy */ = {
			isa = PBXContainerItemProxy;
			containerPortal = A14264BC276D1ECB0096982F /* Project object */;
			proxyType = 1;
			remoteGlobalIDString = A14264C3276D1ECB0096982F;
			remoteInfo = ComidaBoa;
		};
		A14264E5276D1ECC0096982F /* PBXContainerItemProxy */ = {
			isa = PBXContainerItemProxy;
			containerPortal = A14264BC276D1ECB0096982F /* Project object */;
			proxyType = 1;
			remoteGlobalIDString = A14264C3276D1ECB0096982F;
			remoteInfo = ComidaBoa;
		};
/* End PBXContainerItemProxy section */

/* Begin PBXFileReference section */
		A14264C4276D1ECB0096982F /* ComidaBoa.app */ = {isa = PBXFileReference; explicitFileType = wrapper.application; includeInIndex = 0; path = ComidaBoa.app; sourceTree = BUILT_PRODUCTS_DIR; };
		A14264C7276D1ECB0096982F /* AppDelegate.swift */ = {isa = PBXFileReference; lastKnownFileType = sourcecode.swift; path = AppDelegate.swift; sourceTree = "<group>"; };
		A14264C9276D1ECB0096982F /* SceneDelegate.swift */ = {isa = PBXFileReference; lastKnownFileType = sourcecode.swift; path = SceneDelegate.swift; sourceTree = "<group>"; };
		A14264CB276D1ECB0096982F /* ViewController.swift */ = {isa = PBXFileReference; lastKnownFileType = sourcecode.swift; path = ViewController.swift; sourceTree = "<group>"; };
		A14264CE276D1ECB0096982F /* Base */ = {isa = PBXFileReference; lastKnownFileType = file.storyboard; name = Base; path = Base.lproj/Main.storyboard; sourceTree = "<group>"; };
		A14264D0276D1ECC0096982F /* Assets.xcassets */ = {isa = PBXFileReference; lastKnownFileType = folder.assetcatalog; path = Assets.xcassets; sourceTree = "<group>"; };
		A14264D3276D1ECC0096982F /* Base */ = {isa = PBXFileReference; lastKnownFileType = file.storyboard; name = Base; path = Base.lproj/LaunchScreen.storyboard; sourceTree = "<group>"; };
		A14264D5276D1ECC0096982F /* Info.plist */ = {isa = PBXFileReference; lastKnownFileType = text.plist.xml; path = Info.plist; sourceTree = "<group>"; };
		A14264DA276D1ECC0096982F /* ComidaBoaTests.xctest */ = {isa = PBXFileReference; explicitFileType = wrapper.cfbundle; includeInIndex = 0; path = ComidaBoaTests.xctest; sourceTree = BUILT_PRODUCTS_DIR; };
		A14264DE276D1ECC0096982F /* ComidaBoaTests.swift */ = {isa = PBXFileReference; lastKnownFileType = sourcecode.swift; path = ComidaBoaTests.swift; sourceTree = "<group>"; };
		A14264E4276D1ECC0096982F /* ComidaBoaUITests.xctest */ = {isa = PBXFileReference; explicitFileType = wrapper.cfbundle; includeInIndex = 0; path = ComidaBoaUITests.xctest; sourceTree = BUILT_PRODUCTS_DIR; };
		A14264E8276D1ECC0096982F /* ComidaBoaUITests.swift */ = {isa = PBXFileReference; lastKnownFileType = sourcecode.swift; path = ComidaBoaUITests.swift; sourceTree = "<group>"; };
		A14264EA276D1ECC0096982F /* ComidaBoaUITestsLaunchTests.swift */ = {isa = PBXFileReference; lastKnownFileType = sourcecode.swift; path = ComidaBoaUITestsLaunchTests.swift; sourceTree = "<group>"; };
		A16A035B276FEECE007A2541 /* Inicial.storyboard */ = {isa = PBXFileReference; lastKnownFileType = file.storyboard; path = Inicial.storyboard; sourceTree = "<group>"; };
/* End PBXFileReference section */

/* Begin PBXFrameworksBuildPhase section */
		A14264C1276D1ECB0096982F /* Frameworks */ = {
			isa = PBXFrameworksBuildPhase;
			buildActionMask = 2147483647;
			files = (
			);
			runOnlyForDeploymentPostprocessing = 0;
		};
		A14264D7276D1ECC0096982F /* Frameworks */ = {
			isa = PBXFrameworksBuildPhase;
			buildActionMask = 2147483647;
			files = (
			);
			runOnlyForDeploymentPostprocessing = 0;
		};
		A14264E1276D1ECC0096982F /* Frameworks */ = {
			isa = PBXFrameworksBuildPhase;
			buildActionMask = 2147483647;
			files = (
			);
			runOnlyForDeploymentPostprocessing = 0;
		};
/* End PBXFrameworksBuildPhase section */

/* Begin PBXGroup section */
		A14264BB276D1ECB0096982F = {
			isa = PBXGroup;
			children = (
				A14264C6276D1ECB0096982F /* ComidaBoa */,
				A14264DD276D1ECC0096982F /* ComidaBoaTests */,
				A14264E7276D1ECC0096982F /* ComidaBoaUITests */,
				A14264C5276D1ECB0096982F /* Products */,
			);
			sourceTree = "<group>";
		};
		A14264C5276D1ECB0096982F /* Products */ = {
			isa = PBXGroup;
			children = (
				A14264C4276D1ECB0096982F /* ComidaBoa.app */,
				A14264DA276D1ECC0096982F /* ComidaBoaTests.xctest */,
				A14264E4276D1ECC0096982F /* ComidaBoaUITests.xctest */,
			);
			name = Products;
			sourceTree = "<group>";
		};
		A14264C6276D1ECB0096982F /* ComidaBoa */ = {
			isa = PBXGroup;
			children = (
				A14264C7276D1ECB0096982F /* AppDelegate.swift */,
				A14264C9276D1ECB0096982F /* SceneDelegate.swift */,
				A14264CB276D1ECB0096982F /* ViewController.swift */,
				A14264CD276D1ECB0096982F /* Main.storyboard */,
				A16A035B276FEECE007A2541 /* Inicial.storyboard */,
				A14264D0276D1ECC0096982F /* Assets.xcassets */,
				A14264D2276D1ECC0096982F /* LaunchScreen.storyboard */,
				A14264D5276D1ECC0096982F /* Info.plist */,
			);
			path = ComidaBoa;
			sourceTree = "<group>";
		};
		A14264DD276D1ECC0096982F /* ComidaBoaTests */ = {
			isa = PBXGroup;
			children = (
				A14264DE276D1ECC0096982F /* ComidaBoaTests.swift */,
			);
			path = ComidaBoaTests;
			sourceTree = "<group>";
		};
		A14264E7276D1ECC0096982F /* ComidaBoaUITests */ = {
			isa = PBXGroup;
			children = (
				A14264E8276D1ECC0096982F /* ComidaBoaUITests.swift */,
				A14264EA276D1ECC0096982F /* ComidaBoaUITestsLaunchTests.swift */,
			);
			path = ComidaBoaUITests;
			sourceTree = "<group>";
		};
/* End PBXGroup section */

/* Begin PBXNativeTarget section */
		A14264C3276D1ECB0096982F /* ComidaBoa */ = {
			isa = PBXNativeTarget;
			buildConfigurationList = A14264EE276D1ECC0096982F /* Build configuration list for PBXNativeTarget "ComidaBoa" */;
			buildPhases = (
				A14264C0276D1ECB0096982F /* Sources */,
				A14264C1276D1ECB0096982F /* Frameworks */,
				A14264C2276D1ECB0096982F /* Resources */,
			);
			buildRules = (
			);
			dependencies = (
			);
			name = ComidaBoa;
			productName = ComidaBoa;
			productReference = A14264C4276D1ECB0096982F /* ComidaBoa.app */;
			productType = "com.apple.product-type.application";
		};
		A14264D9276D1ECC0096982F /* ComidaBoaTests */ = {
			isa = PBXNativeTarget;
			buildConfigurationList = A14264F1276D1ECC0096982F /* Build configuration list for PBXNativeTarget "ComidaBoaTests" */;
			buildPhases = (
				A14264D6276D1ECC0096982F /* Sources */,
				A14264D7276D1ECC0096982F /* Frameworks */,
				A14264D8276D1ECC0096982F /* Resources */,
			);
			buildRules = (
			);
			dependencies = (
				A14264DC276D1ECC0096982F /* PBXTargetDependency */,
			);
			name = ComidaBoaTests;
			productName = ComidaBoaTests;
			productReference = A14264DA276D1ECC0096982F /* ComidaBoaTests.xctest */;
			productType = "com.apple.product-type.bundle.unit-test";
		};
		A14264E3276D1ECC0096982F /* ComidaBoaUITests */ = {
			isa = PBXNativeTarget;
			buildConfigurationList = A14264F4276D1ECC0096982F /* Build configuration list for PBXNativeTarget "ComidaBoaUITests" */;
			buildPhases = (
				A14264E0276D1ECC0096982F /* Sources */,
				A14264E1276D1ECC0096982F /* Frameworks */,
				A14264E2276D1ECC0096982F /* Resources */,
			);
			buildRules = (
			);
			dependencies = (
				A14264E6276D1ECC0096982F /* PBXTargetDependency */,
			);
			name = ComidaBoaUITests;
			productName = ComidaBoaUITests;
			productReference = A14264E4276D1ECC0096982F /* ComidaBoaUITests.xctest */;
			productType = "com.apple.product-type.bundle.ui-testing";
		};
/* End PBXNativeTarget section */

/* Begin PBXProject section */
		A14264BC276D1ECB0096982F /* Project object */ = {
			isa = PBXProject;
			attributes = {
				BuildIndependentTargetsInParallel = 1;
				LastSwiftUpdateCheck = 1310;
				LastUpgradeCheck = 1310;
				TargetAttributes = {
					A14264C3276D1ECB0096982F = {
						CreatedOnToolsVersion = 13.1;
					};
					A14264D9276D1ECC0096982F = {
						CreatedOnToolsVersion = 13.1;
						TestTargetID = A14264C3276D1ECB0096982F;
					};
					A14264E3276D1ECC0096982F = {
						CreatedOnToolsVersion = 13.1;
						TestTargetID = A14264C3276D1ECB0096982F;
					};
				};
			};
			buildConfigurationList = A14264BF276D1ECB0096982F /* Build configuration list for PBXProject "ComidaBoa" */;
			compatibilityVersion = "Xcode 13.0";
			developmentRegion = en;
			hasScannedForEncodings = 0;
			knownRegions = (
				en,
				Base,
			);
			mainGroup = A14264BB276D1ECB0096982F;
			productRefGroup = A14264C5276D1ECB0096982F /* Products */;
			projectDirPath = "";
			projectRoot = "";
			targets = (
				A14264C3276D1ECB0096982F /* ComidaBoa */,
				A14264D9276D1ECC0096982F /* ComidaBoaTests */,
				A14264E3276D1ECC0096982F /* ComidaBoaUITests */,
			);
		};
/* End PBXProject section */

/* Begin PBXResourcesBuildPhase section */
		A14264C2276D1ECB0096982F /* Resources */ = {
			isa = PBXResourcesBuildPhase;
			buildActionMask = 2147483647;
			files = (
				A14264D4276D1ECC0096982F /* LaunchScreen.storyboard in Resources */,
				A14264D1276D1ECC0096982F /* Assets.xcassets in Resources */,
				A16A035C276FEECE007A2541 /* Inicial.storyboard in Resources */,
				A14264CF276D1ECB0096982F /* Main.storyboard in Resources */,
			);
			runOnlyForDeploymentPostprocessing = 0;
		};
		A14264D8276D1ECC0096982F /* Resources */ = {
			isa = PBXResourcesBuildPhase;
			buildActionMask = 2147483647;
			files = (
			);
			runOnlyForDeploymentPostprocessing = 0;
		};
		A14264E2276D1ECC0096982F /* Resources */ = {
			isa = PBXResourcesBuildPhase;
			buildActionMask = 2147483647;
			files = (
			);
			runOnlyForDeploymentPostprocessing = 0;
		};
/* End PBXResourcesBuildPhase section */

/* Begin PBXSourcesBuildPhase section */
		A14264C0276D1ECB0096982F /* Sources */ = {
			isa = PBXSourcesBuildPhase;
			buildActionMask = 2147483647;
			files = (
				A14264CC276D1ECB0096982F /* ViewController.swift in Sources */,
				A14264C8276D1ECB0096982F /* AppDelegate.swift in Sources */,
				A14264CA276D1ECB0096982F /* SceneDelegate.swift in Sources */,
			);
			runOnlyForDeploymentPostprocessing = 0;
		};
		A14264D6276D1ECC0096982F /* Sources */ = {
			isa = PBXSourcesBuildPhase;
			buildActionMask = 2147483647;
			files = (
				A14264DF276D1ECC0096982F /* ComidaBoaTests.swift in Sources */,
			);
			runOnlyForDeploymentPostprocessing = 0;
		};
		A14264E0276D1ECC0096982F /* Sources */ = {
			isa = PBXSourcesBuildPhase;
			buildActionMask = 2147483647;
			files = (
				A14264EB276D1ECC0096982F /* ComidaBoaUITestsLaunchTests.swift in Sources */,
				A14264E9276D1ECC0096982F /* ComidaBoaUITests.swift in Sources */,
			);
			runOnlyForDeploymentPostprocessing = 0;
		};
/* End PBXSourcesBuildPhase section */

/* Begin PBXTargetDependency section */
		A14264DC276D1ECC0096982F /* PBXTargetDependency */ = {
			isa = PBXTargetDependency;
			target = A14264C3276D1ECB0096982F /* ComidaBoa */;
			targetProxy = A14264DB276D1ECC0096982F /* PBXContainerItemProxy */;
		};
		A14264E6276D1ECC0096982F /* PBXTargetDependency */ = {
			isa = PBXTargetDependency;
			target = A14264C3276D1ECB0096982F /* ComidaBoa */;
			targetProxy = A14264E5276D1ECC0096982F /* PBXContainerItemProxy */;
		};
/* End PBXTargetDependency section */

/* Begin PBXVariantGroup section */
		A14264CD276D1ECB0096982F /* Main.storyboard */ = {
			isa = PBXVariantGroup;
			children = (
				A14264CE276D1ECB0096982F /* Base */,
			);
			name = Main.storyboard;
			sourceTree = "<group>";
		};
		A14264D2276D1ECC0096982F /* LaunchScreen.storyboard */ = {
			isa = PBXVariantGroup;
			children = (
				A14264D3276D1ECC0096982F /* Base */,
			);
			name = LaunchScreen.storyboard;
			sourceTree = "<group>";
		};
/* End PBXVariantGroup section */

/* Begin XCBuildConfiguration section */
		A14264EC276D1ECC0096982F /* Debug */ = {
			isa = XCBuildConfiguration;
			buildSettings = {
				ALWAYS_SEARCH_USER_PATHS = NO;
				CLANG_ANALYZER_NONNULL = YES;
				CLANG_ANALYZER_NUMBER_OBJECT_CONVERSION = YES_AGGRESSIVE;
				CLANG_CXX_LANGUAGE_STANDARD = "gnu++17";
				CLANG_CXX_LIBRARY = "libc++";
				CLANG_ENABLE_MODULES = YES;
				CLANG_ENABLE_OBJC_ARC = YES;
				CLANG_ENABLE_OBJC_WEAK = YES;
				CLANG_WARN_BLOCK_CAPTURE_AUTORELEASING = YES;
				CLANG_WARN_BOOL_CONVERSION = YES;
				CLANG_WARN_COMMA = YES;
				CLANG_WARN_CONSTANT_CONVERSION = YES;
				CLANG_WARN_DEPRECATED_OBJC_IMPLEMENTATIONS = YES;
				CLANG_WARN_DIRECT_OBJC_ISA_USAGE = YES_ERROR;
				CLANG_WARN_DOCUMENTATION_COMMENTS = YES;
				CLANG_WARN_EMPTY_BODY = YES;
				CLANG_WARN_ENUM_CONVERSION = YES;
				CLANG_WARN_INFINITE_RECURSION = YES;
				CLANG_WARN_INT_CONVERSION = YES;
				CLANG_WARN_NON_LITERAL_NULL_CONVERSION = YES;
				CLANG_WARN_OBJC_IMPLICIT_RETAIN_SELF = YES;
				CLANG_WARN_OBJC_LITERAL_CONVERSION = YES;
				CLANG_WARN_OBJC_ROOT_CLASS = YES_ERROR;
				CLANG_WARN_QUOTED_INCLUDE_IN_FRAMEWORK_HEADER = YES;
				CLANG_WARN_RANGE_LOOP_ANALYSIS = YES;
				CLANG_WARN_STRICT_PROTOTYPES = YES;
				CLANG_WARN_SUSPICIOUS_MOVE = YES;
				CLANG_WARN_UNGUARDED_AVAILABILITY = YES_AGGRESSIVE;
				CLANG_WARN_UNREACHABLE_CODE = YES;
				CLANG_WARN__DUPLICATE_METHOD_MATCH = YES;
				COPY_PHASE_STRIP = NO;
				DEBUG_INFORMATION_FORMAT = dwarf;
				ENABLE_STRICT_OBJC_MSGSEND = YES;
				ENABLE_TESTABILITY = YES;
				GCC_C_LANGUAGE_STANDARD = gnu11;
				GCC_DYNAMIC_NO_PIC = NO;
				GCC_NO_COMMON_BLOCKS = YES;
				GCC_OPTIMIZATION_LEVEL = 0;
				GCC_PREPROCESSOR_DEFINITIONS = (
					"DEBUG=1",
					"$(inherited)",
				);
				GCC_WARN_64_TO_32_BIT_CONVERSION = YES;
				GCC_WARN_ABOUT_RETURN_TYPE = YES_ERROR;
				GCC_WARN_UNDECLARED_SELECTOR = YES;
				GCC_WARN_UNINITIALIZED_AUTOS = YES_AGGRESSIVE;
				GCC_WARN_UNUSED_FUNCTION = YES;
				GCC_WARN_UNUSED_VARIABLE = YES;
				IPHONEOS_DEPLOYMENT_TARGET = 15.0;
				MTL_ENABLE_DEBUG_INFO = INCLUDE_SOURCE;
				MTL_FAST_MATH = YES;
				ONLY_ACTIVE_ARCH = YES;
				SDKROOT = iphoneos;
				SWIFT_ACTIVE_COMPILATION_CONDITIONS = DEBUG;
				SWIFT_OPTIMIZATION_LEVEL = "-Onone";
			};
			name = Debug;
		};
		A14264ED276D1ECC0096982F /* Release */ = {
			isa = XCBuildConfiguration;
			buildSettings = {
				ALWAYS_SEARCH_USER_PATHS = NO;
				CLANG_ANALYZER_NONNULL = YES;
				CLANG_ANALYZER_NUMBER_OBJECT_CONVERSION = YES_AGGRESSIVE;
				CLANG_CXX_LANGUAGE_STANDARD = "gnu++17";
				CLANG_CXX_LIBRARY = "libc++";
				CLANG_ENABLE_MODULES = YES;
				CLANG_ENABLE_OBJC_ARC = YES;
				CLANG_ENABLE_OBJC_WEAK = YES;
				CLANG_WARN_BLOCK_CAPTURE_AUTORELEASING = YES;
				CLANG_WARN_BOOL_CONVERSION = YES;
				CLANG_WARN_COMMA = YES;
				CLANG_WARN_CONSTANT_CONVERSION = YES;
				CLANG_WARN_DEPRECATED_OBJC_IMPLEMENTATIONS = YES;
				CLANG_WARN_DIRECT_OBJC_ISA_USAGE = YES_ERROR;
				CLANG_WARN_DOCUMENTATION_COMMENTS = YES;
				CLANG_WARN_EMPTY_BODY = YES;
				CLANG_WARN_ENUM_CONVERSION = YES;
				CLANG_WARN_INFINITE_RECURSION = YES;
				CLANG_WARN_INT_CONVERSION = YES;
				CLANG_WARN_NON_LITERAL_NULL_CONVERSION = YES;
				CLANG_WARN_OBJC_IMPLICIT_RETAIN_SELF = YES;
				CLANG_WARN_OBJC_LITERAL_CONVERSION = YES;
				CLANG_WARN_OBJC_ROOT_CLASS = YES_ERROR;
				CLANG_WARN_QUOTED_INCLUDE_IN_FRAMEWORK_HEADER = YES;
				CLANG_WARN_RANGE_LOOP_ANALYSIS = YES;
				CLANG_WARN_STRICT_PROTOTYPES = YES;
				CLANG_WARN_SUSPICIOUS_MOVE = YES;
				CLANG_WARN_UNGUARDED_AVAILABILITY = YES_AGGRESSIVE;
				CLANG_WARN_UNREACHABLE_CODE = YES;
				CLANG_WARN__DUPLICATE_METHOD_MATCH = YES;
				COPY_PHASE_STRIP = NO;
				DEBUG_INFORMATION_FORMAT = "dwarf-with-dsym";
				ENABLE_NS_ASSERTIONS = NO;
				ENABLE_STRICT_OBJC_MSGSEND = YES;
				GCC_C_LANGUAGE_STANDARD = gnu11;
				GCC_NO_COMMON_BLOCKS = YES;
				GCC_WARN_64_TO_32_BIT_CONVERSION = YES;
				GCC_WARN_ABOUT_RETURN_TYPE = YES_ERROR;
				GCC_WARN_UNDECLARED_SELECTOR = YES;
				GCC_WARN_UNINITIALIZED_AUTOS = YES_AGGRESSIVE;
				GCC_WARN_UNUSED_FUNCTION = YES;
				GCC_WARN_UNUSED_VARIABLE = YES;
				IPHONEOS_DEPLOYMENT_TARGET = 15.0;
				MTL_ENABLE_DEBUG_INFO = NO;
				MTL_FAST_MATH = YES;
				SDKROOT = iphoneos;
				SWIFT_COMPILATION_MODE = wholemodule;
				SWIFT_OPTIMIZATION_LEVEL = "-O";
				VALIDATE_PRODUCT = YES;
			};
			name = Release;
		};
		A14264EF276D1ECC0096982F /* Debug */ = {
			isa = XCBuildConfiguration;
			buildSettings = {
				ASSETCATALOG_COMPILER_APPICON_NAME = AppIcon;
				ASSETCATALOG_COMPILER_GLOBAL_ACCENT_COLOR_NAME = AccentColor;
				CODE_SIGN_STYLE = Automatic;
				CURRENT_PROJECT_VERSION = 1;
				GENERATE_INFOPLIST_FILE = YES;
				INFOPLIST_FILE = ComidaBoa/Info.plist;
				INFOPLIST_KEY_UIApplicationSupportsIndirectInputEvents = YES;
				INFOPLIST_KEY_UILaunchStoryboardName = LaunchScreen;
				INFOPLIST_KEY_UIMainStoryboardFile = Main;
				INFOPLIST_KEY_UISupportedInterfaceOrientations_iPad = "UIInterfaceOrientationPortrait UIInterfaceOrientationPortraitUpsideDown UIInterfaceOrientationLandscapeLeft UIInterfaceOrientationLandscapeRight";
				INFOPLIST_KEY_UISupportedInterfaceOrientations_iPhone = "UIInterfaceOrientationPortrait UIInterfaceOrientationLandscapeLeft UIInterfaceOrientationLandscapeRight";
				LD_RUNPATH_SEARCH_PATHS = (
					"$(inherited)",
					"@executable_path/Frameworks",
				);
				MARKETING_VERSION = 1.0;
				PRODUCT_BUNDLE_IDENTIFIER = com.motta.ComidaBoa;
				PRODUCT_NAME = "$(TARGET_NAME)";
				SWIFT_EMIT_LOC_STRINGS = YES;
				SWIFT_VERSION = 5.0;
				TARGETED_DEVICE_FAMILY = "1,2";
			};
			name = Debug;
		};
		A14264F0276D1ECC0096982F /* Release */ = {
			isa = XCBuildConfiguration;
			buildSettings = {
				ASSETCATALOG_COMPILER_APPICON_NAME = AppIcon;
				ASSETCATALOG_COMPILER_GLOBAL_ACCENT_COLOR_NAME = AccentColor;
				CODE_SIGN_STYLE = Automatic;
				CURRENT_PROJECT_VERSION = 1;
				GENERATE_INFOPLIST_FILE = YES;
				INFOPLIST_FILE = ComidaBoa/Info.plist;
				INFOPLIST_KEY_UIApplicationSupportsIndirectInputEvents = YES;
				INFOPLIST_KEY_UILaunchStoryboardName = LaunchScreen;
				INFOPLIST_KEY_UIMainStoryboardFile = Main;
				INFOPLIST_KEY_UISupportedInterfaceOrientations_iPad = "UIInterfaceOrientationPortrait UIInterfaceOrientationPortraitUpsideDown UIInterfaceOrientationLandscapeLeft UIInterfaceOrientationLandscapeRight";
				INFOPLIST_KEY_UISupportedInterfaceOrientations_iPhone = "UIInterfaceOrientationPortrait UIInterfaceOrientationLandscapeLeft UIInterfaceOrientationLandscapeRight";
				LD_RUNPATH_SEARCH_PATHS = (
					"$(inherited)",
					"@executable_path/Frameworks",
				);
				MARKETING_VERSION = 1.0;
				PRODUCT_BUNDLE_IDENTIFIER = com.motta.ComidaBoa;
				PRODUCT_NAME = "$(TARGET_NAME)";
				SWIFT_EMIT_LOC_STRINGS = YES;
				SWIFT_VERSION = 5.0;
				TARGETED_DEVICE_FAMILY = "1,2";
			};
			name = Release;
		};
		A14264F2276D1ECC0096982F /* Debug */ = {
			isa = XCBuildConfiguration;
			buildSettings = {
				ALWAYS_EMBED_SWIFT_STANDARD_LIBRARIES = YES;
				BUNDLE_LOADER = "$(TEST_HOST)";
				CODE_SIGN_STYLE = Automatic;
				CURRENT_PROJECT_VERSION = 1;
				GENERATE_INFOPLIST_FILE = YES;
				IPHONEOS_DEPLOYMENT_TARGET = 15.0;
				LD_RUNPATH_SEARCH_PATHS = (
					"$(inherited)",
					"@executable_path/Frameworks",
					"@loader_path/Frameworks",
				);
				MARKETING_VERSION = 1.0;
				PRODUCT_BUNDLE_IDENTIFIER = com.motta.ComidaBoaTests;
				PRODUCT_NAME = "$(TARGET_NAME)";
				SWIFT_EMIT_LOC_STRINGS = NO;
				SWIFT_VERSION = 5.0;
				TARGETED_DEVICE_FAMILY = "1,2";
				TEST_HOST = "$(BUILT_PRODUCTS_DIR)/ComidaBoa.app/ComidaBoa";
			};
			name = Debug;
		};
		A14264F3276D1ECC0096982F /* Release */ = {
			isa = XCBuildConfiguration;
			buildSettings = {
				ALWAYS_EMBED_SWIFT_STANDARD_LIBRARIES = YES;
				BUNDLE_LOADER = "$(TEST_HOST)";
				CODE_SIGN_STYLE = Automatic;
				CURRENT_PROJECT_VERSION = 1;
				GENERATE_INFOPLIST_FILE = YES;
				IPHONEOS_DEPLOYMENT_TARGET = 15.0;
				LD_RUNPATH_SEARCH_PATHS = (
					"$(inherited)",
					"@executable_path/Frameworks",
					"@loader_path/Frameworks",
				);
				MARKETING_VERSION = 1.0;
				PRODUCT_BUNDLE_IDENTIFIER = com.motta.ComidaBoaTests;
				PRODUCT_NAME = "$(TARGET_NAME)";
				SWIFT_EMIT_LOC_STRINGS = NO;
				SWIFT_VERSION = 5.0;
				TARGETED_DEVICE_FAMILY = "1,2";
				TEST_HOST = "$(BUILT_PRODUCTS_DIR)/ComidaBoa.app/ComidaBoa";
			};
			name = Release;
		};
		A14264F5276D1ECC0096982F /* Debug */ = {
			isa = XCBuildConfiguration;
			buildSettings = {
				ALWAYS_EMBED_SWIFT_STANDARD_LIBRARIES = YES;
				CODE_SIGN_STYLE = Automatic;
				CURRENT_PROJECT_VERSION = 1;
				GENERATE_INFOPLIST_FILE = YES;
				LD_RUNPATH_SEARCH_PATHS = (
					"$(inherited)",
					"@executable_path/Frameworks",
					"@loader_path/Frameworks",
				);
				MARKETING_VERSION = 1.0;
				PRODUCT_BUNDLE_IDENTIFIER = com.motta.ComidaBoaUITests;
				PRODUCT_NAME = "$(TARGET_NAME)";
				SWIFT_EMIT_LOC_STRINGS = NO;
				SWIFT_VERSION = 5.0;
				TARGETED_DEVICE_FAMILY = "1,2";
				TEST_TARGET_NAME = ComidaBoa;
			};
			name = Debug;
		};
		A14264F6276D1ECC0096982F /* Release */ = {
			isa = XCBuildConfiguration;
			buildSettings = {
				ALWAYS_EMBED_SWIFT_STANDARD_LIBRARIES = YES;
				CODE_SIGN_STYLE = Automatic;
				CURRENT_PROJECT_VERSION = 1;
				GENERATE_INFOPLIST_FILE = YES;
				LD_RUNPATH_SEARCH_PATHS = (
					"$(inherited)",
					"@executable_path/Frameworks",
					"@loader_path/Frameworks",
				);
				MARKETING_VERSION = 1.0;
				PRODUCT_BUNDLE_IDENTIFIER = com.motta.ComidaBoaUITests;
				PRODUCT_NAME = "$(TARGET_NAME)";
				SWIFT_EMIT_LOC_STRINGS = NO;
				SWIFT_VERSION = 5.0;
				TARGETED_DEVICE_FAMILY = "1,2";
				TEST_TARGET_NAME = ComidaBoa;
			};
			name = Release;
		};
/* End XCBuildConfiguration section */

/* Begin XCConfigurationList section */
		A14264BF276D1ECB0096982F /* Build configuration list for PBXProject "ComidaBoa" */ = {
			isa = XCConfigurationList;
			buildConfigurations = (
				A14264EC276D1ECC0096982F /* Debug */,
				A14264ED276D1ECC0096982F /* Release */,
			);
			defaultConfigurationIsVisible = 0;
			defaultConfigurationName = Release;
		};
		A14264EE276D1ECC0096982F /* Build configuration list for PBXNativeTarget "ComidaBoa" */ = {
			isa = XCConfigurationList;
			buildConfigurations = (
				A14264EF276D1ECC0096982F /* Debug */,
				A14264F0276D1ECC0096982F /* Release */,
			);
			defaultConfigurationIsVisible = 0;
			defaultConfigurationName = Release;
		};
		A14264F1276D1ECC0096982F /* Build configuration list for PBXNativeTarget "ComidaBoaTests" */ = {
			isa = XCConfigurationList;
			buildConfigurations = (
				A14264F2276D1ECC0096982F /* Debug */,
				A14264F3276D1ECC0096982F /* Release */,
			);
			defaultConfigurationIsVisible = 0;
			defaultConfigurationName = Release;
		};
		A14264F4276D1ECC0096982F /* Build configuration list for PBXNativeTarget "ComidaBoaUITests" */ = {
			isa = XCConfigurationList;
			buildConfigurations = (
				A14264F5276D1ECC0096982F /* Debug */,
				A14264F6276D1ECC0096982F /* Release */,
			);
			defaultConfigurationIsVisible = 0;
			defaultConfigurationName = Release;
		};
/* End XCConfigurationList section */
	};
	rootObject = A14264BC276D1ECB0096982F /* Project object */;
}
